// !$*UTF8*$!
{
	archiveVersion = 1;
	classes = {
	};
	objectVersion = 46;
	objects = {

/* Begin PBXBuildFile section */
		3A2EC6EF1EA53DCC00FB1B9F /* Images.xcassets in Resources */ = {isa = PBXBuildFile; fileRef = 3A2EC6EE1EA53DCC00FB1B9F /* Images.xcassets */; };
		3A602BEA1EA522D100B44FF6 /* StartController.swift in Sources */ = {isa = PBXBuildFile; fileRef = 3A602BE91EA522D100B44FF6 /* StartController.swift */; };
		3A690C8C1DE75044005D9A64 /* AppDelegate.swift in Sources */ = {isa = PBXBuildFile; fileRef = 3A690C8B1DE75044005D9A64 /* AppDelegate.swift */; };
		3A690C8E1DE75044005D9A64 /* GameScene.sks in Resources */ = {isa = PBXBuildFile; fileRef = 3A690C8D1DE75044005D9A64 /* GameScene.sks */; };
		3A690C901DE75044005D9A64 /* Actions.sks in Resources */ = {isa = PBXBuildFile; fileRef = 3A690C8F1DE75044005D9A64 /* Actions.sks */; };
		3A690C921DE75044005D9A64 /* GameScene.swift in Sources */ = {isa = PBXBuildFile; fileRef = 3A690C911DE75044005D9A64 /* GameScene.swift */; };
		3A690C941DE75044005D9A64 /* GameController.swift in Sources */ = {isa = PBXBuildFile; fileRef = 3A690C931DE75044005D9A64 /* GameController.swift */; };
		3A690C971DE75044005D9A64 /* Main.storyboard in Resources */ = {isa = PBXBuildFile; fileRef = 3A690C951DE75044005D9A64 /* Main.storyboard */; };
		3A690C9C1DE75044005D9A64 /* LaunchScreen.storyboard in Resources */ = {isa = PBXBuildFile; fileRef = 3A690C9A1DE75044005D9A64 /* LaunchScreen.storyboard */; };
		3A690CA41DE75604005D9A64 /* Number.swift in Sources */ = {isa = PBXBuildFile; fileRef = 3A690CA31DE75604005D9A64 /* Number.swift */; };
		3AD488741DE8C9E0009CF85D /* TargetNumber.swift in Sources */ = {isa = PBXBuildFile; fileRef = 3AD488731DE8C9E0009CF85D /* TargetNumber.swift */; };
		3AD488761DE8CCDF009CF85D /* SceneObject.swift in Sources */ = {isa = PBXBuildFile; fileRef = 3AD488751DE8CCDF009CF85D /* SceneObject.swift */; };
		4E0180171E1D8CED00BA8301 /* GameAction.swift in Sources */ = {isa = PBXBuildFile; fileRef = 4E0180161E1D8CED00BA8301 /* GameAction.swift */; };
		4E0180191E1D8DDA00BA8301 /* PlusAction.swift in Sources */ = {isa = PBXBuildFile; fileRef = 4E0180181E1D8DDA00BA8301 /* PlusAction.swift */; };
		4E01801B1E1D8E0400BA8301 /* MinusAction.swift in Sources */ = {isa = PBXBuildFile; fileRef = 4E01801A1E1D8E0400BA8301 /* MinusAction.swift */; };
		4E01801E1E1D8EF800BA8301 /* MultiAction.swift in Sources */ = {isa = PBXBuildFile; fileRef = 4E01801D1E1D8EF800BA8301 /* MultiAction.swift */; };
		4E0180201E1D8F2D00BA8301 /* DivisionAction.swift in Sources */ = {isa = PBXBuildFile; fileRef = 4E01801F1E1D8F2D00BA8301 /* DivisionAction.swift */; };
		4E0180221E1D94B600BA8301 /* Game.swift in Sources */ = {isa = PBXBuildFile; fileRef = 4E0180211E1D94B600BA8301 /* Game.swift */; };
		4E1F4B571F6ED60E005FCAC9 /* ResultController.swift in Sources */ = {isa = PBXBuildFile; fileRef = 4E1F4B561F6ED60E005FCAC9 /* ResultController.swift */; };
		4E2032CA1FC4BB59004BB117 /* IntroVideoController.swift in Sources */ = {isa = PBXBuildFile; fileRef = 4E2032C91FC4BB59004BB117 /* IntroVideoController.swift */; };
		4E33C34B1E4E3FF6007665BA /* Reach.swift in Sources */ = {isa = PBXBuildFile; fileRef = 4E33C34A1E4E3FF6007665BA /* Reach.swift */; };
		4E5567381FDDB02E00B84188 /* UIColor+colorFromHex.swift in Sources */ = {isa = PBXBuildFile; fileRef = 4E5567371FDDB02E00B84188 /* UIColor+colorFromHex.swift */; };
		4E6923511E6347B500676DCE /* GoogleService-Info.plist in Resources */ = {isa = PBXBuildFile; fileRef = 4E6923501E6347B500676DCE /* GoogleService-Info.plist */; };
		4E8024CA1E6362020056CC24 /* LoginController.swift in Sources */ = {isa = PBXBuildFile; fileRef = 4E8024C91E6362020056CC24 /* LoginController.swift */; };
		4EBC4CFD1E3D236C000842EA /* Result.swift in Sources */ = {isa = PBXBuildFile; fileRef = 4EBC4CFC1E3D236C000842EA /* Result.swift */; };
		4EBC4CFF1E3D24E6000842EA /* Operation.swift in Sources */ = {isa = PBXBuildFile; fileRef = 4EBC4CFE1E3D24E6000842EA /* Operation.swift */; };
		4EC2E4BC1FE5A021008CB44C /* ResultController+handler.swift in Sources */ = {isa = PBXBuildFile; fileRef = 4EC2E4BB1FE5A021008CB44C /* ResultController+handler.swift */; };
		4EDCE7BB1EBF9122003CC8E4 /* HeaderCell.swift in Sources */ = {isa = PBXBuildFile; fileRef = 4EDCE7B91EBF9122003CC8E4 /* HeaderCell.swift */; };
		4EDCE7C01EBFB83D003CC8E4 /* UserResultCell.swift in Sources */ = {isa = PBXBuildFile; fileRef = 4EDCE7BF1EBFB83D003CC8E4 /* UserResultCell.swift */; };
		4EEED7261EB7A1F6008C0206 /* SignInController.swift in Sources */ = {isa = PBXBuildFile; fileRef = 4EEED7251EB7A1F6008C0206 /* SignInController.swift */; };
		4EF086361E5B57C200E92BB0 /* ResultScene.sks in Resources */ = {isa = PBXBuildFile; fileRef = 4EF086351E5B57C200E92BB0 /* ResultScene.sks */; };
		4EF086381E5B57E400E92BB0 /* ResultScene.swift in Sources */ = {isa = PBXBuildFile; fileRef = 4EF086371E5B57E400E92BB0 /* ResultScene.swift */; };
		4EF4F3CB1E61F3A700FC9921 /* ScoreController.swift in Sources */ = {isa = PBXBuildFile; fileRef = 4EF4F3CA1E61F3A700FC9921 /* ScoreController.swift */; };
		62050402435F3A0130E26177 /* Pods_NumbersInTime.framework in Frameworks */ = {isa = PBXBuildFile; fileRef = 4BFD14081AA310BAD1EA08C2 /* Pods_NumbersInTime.framework */; };
		B22E44571FF3F83100FC48C4 /* test.mp4 in Resources */ = {isa = PBXBuildFile; fileRef = B22E44561FF3F83000FC48C4 /* test.mp4 */; };
/* End PBXBuildFile section */

/* Begin PBXFileReference section */
		0634827D12968F0255409928 /* Pods-NumbersInTime.release.xcconfig */ = {isa = PBXFileReference; includeInIndex = 1; lastKnownFileType = text.xcconfig; name = "Pods-NumbersInTime.release.xcconfig"; path = "Pods/Target Support Files/Pods-NumbersInTime/Pods-NumbersInTime.release.xcconfig"; sourceTree = "<group>"; };
		3A2EC6EE1EA53DCC00FB1B9F /* Images.xcassets */ = {isa = PBXFileReference; lastKnownFileType = folder.assetcatalog; path = Images.xcassets; sourceTree = "<group>"; };
		3A602BE91EA522D100B44FF6 /* StartController.swift */ = {isa = PBXFileReference; fileEncoding = 4; lastKnownFileType = sourcecode.swift; path = StartController.swift; sourceTree = "<group>"; };
		3A690C881DE75044005D9A64 /* NumbersInTime.app */ = {isa = PBXFileReference; explicitFileType = wrapper.application; includeInIndex = 0; path = NumbersInTime.app; sourceTree = BUILT_PRODUCTS_DIR; };
		3A690C8B1DE75044005D9A64 /* AppDelegate.swift */ = {isa = PBXFileReference; lastKnownFileType = sourcecode.swift; path = AppDelegate.swift; sourceTree = "<group>"; };
		3A690C8D1DE75044005D9A64 /* GameScene.sks */ = {isa = PBXFileReference; lastKnownFileType = file.sks; path = GameScene.sks; sourceTree = "<group>"; };
		3A690C8F1DE75044005D9A64 /* Actions.sks */ = {isa = PBXFileReference; lastKnownFileType = file.sks; path = Actions.sks; sourceTree = "<group>"; };
		3A690C911DE75044005D9A64 /* GameScene.swift */ = {isa = PBXFileReference; lastKnownFileType = sourcecode.swift; path = GameScene.swift; sourceTree = "<group>"; };
		3A690C931DE75044005D9A64 /* GameController.swift */ = {isa = PBXFileReference; lastKnownFileType = sourcecode.swift; path = GameController.swift; sourceTree = "<group>"; };
		3A690C961DE75044005D9A64 /* Base */ = {isa = PBXFileReference; lastKnownFileType = file.storyboard; name = Base; path = Base.lproj/Main.storyboard; sourceTree = "<group>"; };
		3A690C9B1DE75044005D9A64 /* Base */ = {isa = PBXFileReference; lastKnownFileType = file.storyboard; name = Base; path = Base.lproj/LaunchScreen.storyboard; sourceTree = "<group>"; };
		3A690C9D1DE75044005D9A64 /* Info.plist */ = {isa = PBXFileReference; lastKnownFileType = text.plist.xml; path = Info.plist; sourceTree = "<group>"; };
		3A690CA31DE75604005D9A64 /* Number.swift */ = {isa = PBXFileReference; fileEncoding = 4; lastKnownFileType = sourcecode.swift; path = Number.swift; sourceTree = "<group>"; };
		3AD488731DE8C9E0009CF85D /* TargetNumber.swift */ = {isa = PBXFileReference; fileEncoding = 4; lastKnownFileType = sourcecode.swift; path = TargetNumber.swift; sourceTree = "<group>"; };
		3AD488751DE8CCDF009CF85D /* SceneObject.swift */ = {isa = PBXFileReference; fileEncoding = 4; lastKnownFileType = sourcecode.swift; path = SceneObject.swift; sourceTree = "<group>"; };
		4BFD14081AA310BAD1EA08C2 /* Pods_NumbersInTime.framework */ = {isa = PBXFileReference; explicitFileType = wrapper.framework; includeInIndex = 0; path = Pods_NumbersInTime.framework; sourceTree = BUILT_PRODUCTS_DIR; };
		4E0180161E1D8CED00BA8301 /* GameAction.swift */ = {isa = PBXFileReference; fileEncoding = 4; lastKnownFileType = sourcecode.swift; path = GameAction.swift; sourceTree = "<group>"; };
		4E0180181E1D8DDA00BA8301 /* PlusAction.swift */ = {isa = PBXFileReference; fileEncoding = 4; lastKnownFileType = sourcecode.swift; path = PlusAction.swift; sourceTree = "<group>"; };
		4E01801A1E1D8E0400BA8301 /* MinusAction.swift */ = {isa = PBXFileReference; fileEncoding = 4; lastKnownFileType = sourcecode.swift; path = MinusAction.swift; sourceTree = "<group>"; };
		4E01801D1E1D8EF800BA8301 /* MultiAction.swift */ = {isa = PBXFileReference; fileEncoding = 4; lastKnownFileType = sourcecode.swift; path = MultiAction.swift; sourceTree = "<group>"; };
		4E01801F1E1D8F2D00BA8301 /* DivisionAction.swift */ = {isa = PBXFileReference; fileEncoding = 4; lastKnownFileType = sourcecode.swift; path = DivisionAction.swift; sourceTree = "<group>"; };
		4E0180211E1D94B600BA8301 /* Game.swift */ = {isa = PBXFileReference; fileEncoding = 4; lastKnownFileType = sourcecode.swift; name = Game.swift; path = ../Game.swift; sourceTree = "<group>"; };
		4E1F4B561F6ED60E005FCAC9 /* ResultController.swift */ = {isa = PBXFileReference; fileEncoding = 4; lastKnownFileType = sourcecode.swift; path = ResultController.swift; sourceTree = "<group>"; };
		4E2032C91FC4BB59004BB117 /* IntroVideoController.swift */ = {isa = PBXFileReference; lastKnownFileType = sourcecode.swift; path = IntroVideoController.swift; sourceTree = "<group>"; };
		4E33C34A1E4E3FF6007665BA /* Reach.swift */ = {isa = PBXFileReference; fileEncoding = 4; lastKnownFileType = sourcecode.swift; path = Reach.swift; sourceTree = "<group>"; };
		4E5567371FDDB02E00B84188 /* UIColor+colorFromHex.swift */ = {isa = PBXFileReference; fileEncoding = 4; lastKnownFileType = sourcecode.swift; path = "UIColor+colorFromHex.swift"; sourceTree = "<group>"; };
		4E6923501E6347B500676DCE /* GoogleService-Info.plist */ = {isa = PBXFileReference; fileEncoding = 4; lastKnownFileType = text.plist.xml; path = "GoogleService-Info.plist"; sourceTree = "<group>"; };
		4E8024C91E6362020056CC24 /* LoginController.swift */ = {isa = PBXFileReference; fileEncoding = 4; lastKnownFileType = sourcecode.swift; path = LoginController.swift; sourceTree = "<group>"; };
		4EBC4CFC1E3D236C000842EA /* Result.swift */ = {isa = PBXFileReference; fileEncoding = 4; lastKnownFileType = sourcecode.swift; path = Result.swift; sourceTree = "<group>"; };
		4EBC4CFE1E3D24E6000842EA /* Operation.swift */ = {isa = PBXFileReference; fileEncoding = 4; lastKnownFileType = sourcecode.swift; path = Operation.swift; sourceTree = "<group>"; };
		4EC2E4BB1FE5A021008CB44C /* ResultController+handler.swift */ = {isa = PBXFileReference; lastKnownFileType = sourcecode.swift; path = "ResultController+handler.swift"; sourceTree = "<group>"; };
		4EDCE7B91EBF9122003CC8E4 /* HeaderCell.swift */ = {isa = PBXFileReference; fileEncoding = 4; lastKnownFileType = sourcecode.swift; path = HeaderCell.swift; sourceTree = "<group>"; };
		4EDCE7BF1EBFB83D003CC8E4 /* UserResultCell.swift */ = {isa = PBXFileReference; fileEncoding = 4; lastKnownFileType = sourcecode.swift; path = UserResultCell.swift; sourceTree = "<group>"; };
		4EEED7251EB7A1F6008C0206 /* SignInController.swift */ = {isa = PBXFileReference; fileEncoding = 4; lastKnownFileType = sourcecode.swift; path = SignInController.swift; sourceTree = "<group>"; };
		4EF086351E5B57C200E92BB0 /* ResultScene.sks */ = {isa = PBXFileReference; lastKnownFileType = file.sks; path = ResultScene.sks; sourceTree = "<group>"; };
		4EF086371E5B57E400E92BB0 /* ResultScene.swift */ = {isa = PBXFileReference; fileEncoding = 4; lastKnownFileType = sourcecode.swift; path = ResultScene.swift; sourceTree = "<group>"; };
		4EF4F3CA1E61F3A700FC9921 /* ScoreController.swift */ = {isa = PBXFileReference; fileEncoding = 4; lastKnownFileType = sourcecode.swift; path = ScoreController.swift; sourceTree = "<group>"; };
		B22E44561FF3F83000FC48C4 /* test.mp4 */ = {isa = PBXFileReference; lastKnownFileType = file; path = test.mp4; sourceTree = "<group>"; };
		DC6A8FB13C33A42606947CEB /* Pods-NumbersInTime.debug.xcconfig */ = {isa = PBXFileReference; includeInIndex = 1; lastKnownFileType = text.xcconfig; name = "Pods-NumbersInTime.debug.xcconfig"; path = "Pods/Target Support Files/Pods-NumbersInTime/Pods-NumbersInTime.debug.xcconfig"; sourceTree = "<group>"; };
/* End PBXFileReference section */

/* Begin PBXFrameworksBuildPhase section */
		3A690C851DE75043005D9A64 /* Frameworks */ = {
			isa = PBXFrameworksBuildPhase;
			buildActionMask = 2147483647;
			files = (
				62050402435F3A0130E26177 /* Pods_NumbersInTime.framework in Frameworks */,
			);
			runOnlyForDeploymentPostprocessing = 0;
		};
/* End PBXFrameworksBuildPhase section */

/* Begin PBXGroup section */
		3A690C7F1DE75043005D9A64 = {
			isa = PBXGroup;
			children = (
				B22E44561FF3F83000FC48C4 /* test.mp4 */,
				3A690C8A1DE75044005D9A64 /* NumbersInTime */,
				3A690C891DE75044005D9A64 /* Products */,
				822789A93261D970A464EB47 /* Pods */,
				FEA2281A8775BE944E8209B9 /* Frameworks */,
			);
			sourceTree = "<group>";
		};
		3A690C891DE75044005D9A64 /* Products */ = {
			isa = PBXGroup;
			children = (
				3A690C881DE75044005D9A64 /* NumbersInTime.app */,
			);
			name = Products;
			sourceTree = "<group>";
		};
		3A690C8A1DE75044005D9A64 /* NumbersInTime */ = {
			isa = PBXGroup;
			children = (
				4EDCE7B81EBF90EE003CC8E4 /* cells */,
				4E07C6751E75E20200A962F5 /* scenes */,
				4E8024C81E6361680056CC24 /* controller */,
				4E33C3491E4E3FD0007665BA /* helper */,
				4E08A7F41E1EB62000994810 /* objects */,
				4E08A7F31E1EB5ED00994810 /* game */,
				4E01801C1E1D8E1000BA8301 /* actions */,
				3A690C8B1DE75044005D9A64 /* AppDelegate.swift */,
				3A690C8F1DE75044005D9A64 /* Actions.sks */,
				3A690C951DE75044005D9A64 /* Main.storyboard */,
				3A690C9A1DE75044005D9A64 /* LaunchScreen.storyboard */,
				3A690C9D1DE75044005D9A64 /* Info.plist */,
				4E6923501E6347B500676DCE /* GoogleService-Info.plist */,
				3A2EC6EE1EA53DCC00FB1B9F /* Images.xcassets */,
			);
			path = NumbersInTime;
			sourceTree = "<group>";
		};
		4E01801C1E1D8E1000BA8301 /* actions */ = {
			isa = PBXGroup;
			children = (
				4E0180161E1D8CED00BA8301 /* GameAction.swift */,
				4E0180181E1D8DDA00BA8301 /* PlusAction.swift */,
				4E01801A1E1D8E0400BA8301 /* MinusAction.swift */,
				4E01801D1E1D8EF800BA8301 /* MultiAction.swift */,
				4E01801F1E1D8F2D00BA8301 /* DivisionAction.swift */,
			);
			name = actions;
			sourceTree = "<group>";
		};
		4E07C6751E75E20200A962F5 /* scenes */ = {
			isa = PBXGroup;
			children = (
				3A690C8D1DE75044005D9A64 /* GameScene.sks */,
				3A690C911DE75044005D9A64 /* GameScene.swift */,
				4EF086371E5B57E400E92BB0 /* ResultScene.swift */,
				4EF086351E5B57C200E92BB0 /* ResultScene.sks */,
			);
			name = scenes;
			sourceTree = "<group>";
		};
		4E08A7F31E1EB5ED00994810 /* game */ = {
			isa = PBXGroup;
			children = (
				4E0180211E1D94B600BA8301 /* Game.swift */,
			);
			name = game;
			sourceTree = "<group>";
		};
		4E08A7F41E1EB62000994810 /* objects */ = {
			isa = PBXGroup;
			children = (
				3A690CA31DE75604005D9A64 /* Number.swift */,
				4EBC4CFC1E3D236C000842EA /* Result.swift */,
				3AD488731DE8C9E0009CF85D /* TargetNumber.swift */,
				3AD488751DE8CCDF009CF85D /* SceneObject.swift */,
				4EBC4CFE1E3D24E6000842EA /* Operation.swift */,
			);
			name = objects;
			sourceTree = "<group>";
		};
		4E33C3491E4E3FD0007665BA /* helper */ = {
			isa = PBXGroup;
			children = (
				4E33C34A1E4E3FF6007665BA /* Reach.swift */,
			);
			name = helper;
			sourceTree = "<group>";
		};
		4E8024C81E6361680056CC24 /* controller */ = {
			isa = PBXGroup;
			children = (
				4E5567371FDDB02E00B84188 /* UIColor+colorFromHex.swift */,
				3A602BE91EA522D100B44FF6 /* StartController.swift */,
				4E1F4B561F6ED60E005FCAC9 /* ResultController.swift */,
				4EC2E4BB1FE5A021008CB44C /* ResultController+handler.swift */,
				4EEED7251EB7A1F6008C0206 /* SignInController.swift */,
				4E8024C91E6362020056CC24 /* LoginController.swift */,
				3A690C931DE75044005D9A64 /* GameController.swift */,
				4EF4F3CA1E61F3A700FC9921 /* ScoreController.swift */,
				4E2032C91FC4BB59004BB117 /* IntroVideoController.swift */,
			);
			name = controller;
			sourceTree = "<group>";
		};
		4EDCE7B81EBF90EE003CC8E4 /* cells */ = {
			isa = PBXGroup;
			children = (
				4EDCE7B91EBF9122003CC8E4 /* HeaderCell.swift */,
				4EDCE7BF1EBFB83D003CC8E4 /* UserResultCell.swift */,
			);
			name = cells;
			sourceTree = "<group>";
		};
		822789A93261D970A464EB47 /* Pods */ = {
			isa = PBXGroup;
			children = (
				DC6A8FB13C33A42606947CEB /* Pods-NumbersInTime.debug.xcconfig */,
				0634827D12968F0255409928 /* Pods-NumbersInTime.release.xcconfig */,
			);
			name = Pods;
			sourceTree = "<group>";
		};
		FEA2281A8775BE944E8209B9 /* Frameworks */ = {
			isa = PBXGroup;
			children = (
				4BFD14081AA310BAD1EA08C2 /* Pods_NumbersInTime.framework */,
			);
			name = Frameworks;
			sourceTree = "<group>";
		};
/* End PBXGroup section */

/* Begin PBXNativeTarget section */
		3A690C871DE75043005D9A64 /* NumbersInTime */ = {
			isa = PBXNativeTarget;
			buildConfigurationList = 3A690CA01DE75044005D9A64 /* Build configuration list for PBXNativeTarget "NumbersInTime" */;
			buildPhases = (
				5233667C4D89E0DFE46C4062 /* [CP] Check Pods Manifest.lock */,
				3A690C841DE75043005D9A64 /* Sources */,
				3A690C851DE75043005D9A64 /* Frameworks */,
				3A690C861DE75043005D9A64 /* Resources */,
				9C79F210487F896A8B881526 /* [CP] Embed Pods Frameworks */,
				A5C1FF24829B7A840B3E9E32 /* [CP] Copy Pods Resources */,
			);
			buildRules = (
			);
			dependencies = (
			);
			name = NumbersInTime;
			productName = NumbersInTime;
			productReference = 3A690C881DE75044005D9A64 /* NumbersInTime.app */;
			productType = "com.apple.product-type.application";
		};
/* End PBXNativeTarget section */

/* Begin PBXProject section */
		3A690C801DE75043005D9A64 /* Project object */ = {
			isa = PBXProject;
			attributes = {
				LastSwiftUpdateCheck = 0810;
				LastUpgradeCheck = 0900;
				ORGANIZATIONNAME = "Miroslav Juric";
				TargetAttributes = {
					3A690C871DE75043005D9A64 = {
						CreatedOnToolsVersion = 8.1;
						DevelopmentTeam = 9JARSYXCR4;
						LastSwiftMigration = 0900;
						ProvisioningStyle = Automatic;
					};
				};
			};
			buildConfigurationList = 3A690C831DE75043005D9A64 /* Build configuration list for PBXProject "NumbersInTime" */;
			compatibilityVersion = "Xcode 3.2";
			developmentRegion = English;
			hasScannedForEncodings = 0;
			knownRegions = (
				en,
				Base,
			);
			mainGroup = 3A690C7F1DE75043005D9A64;
			productRefGroup = 3A690C891DE75044005D9A64 /* Products */;
			projectDirPath = "";
			projectRoot = "";
			targets = (
				3A690C871DE75043005D9A64 /* NumbersInTime */,
			);
		};
/* End PBXProject section */

/* Begin PBXResourcesBuildPhase section */
		3A690C861DE75043005D9A64 /* Resources */ = {
			isa = PBXResourcesBuildPhase;
			buildActionMask = 2147483647;
			files = (
				3A2EC6EF1EA53DCC00FB1B9F /* Images.xcassets in Resources */,
				4EF086361E5B57C200E92BB0 /* ResultScene.sks in Resources */,
				4E6923511E6347B500676DCE /* GoogleService-Info.plist in Resources */,
				3A690C971DE75044005D9A64 /* Main.storyboard in Resources */,
				3A690C8E1DE75044005D9A64 /* GameScene.sks in Resources */,
				3A690C9C1DE75044005D9A64 /* LaunchScreen.storyboard in Resources */,
				3A690C901DE75044005D9A64 /* Actions.sks in Resources */,
				B22E44571FF3F83100FC48C4 /* test.mp4 in Resources */,
			);
			runOnlyForDeploymentPostprocessing = 0;
		};
/* End PBXResourcesBuildPhase section */

/* Begin PBXShellScriptBuildPhase section */
		5233667C4D89E0DFE46C4062 /* [CP] Check Pods Manifest.lock */ = {
			isa = PBXShellScriptBuildPhase;
			buildActionMask = 2147483647;
			files = (
			);
			inputPaths = (
				"${PODS_PODFILE_DIR_PATH}/Podfile.lock",
				"${PODS_ROOT}/Manifest.lock",
			);
			name = "[CP] Check Pods Manifest.lock";
			outputPaths = (
				"$(DERIVED_FILE_DIR)/Pods-NumbersInTime-checkManifestLockResult.txt",
			);
			runOnlyForDeploymentPostprocessing = 0;
			shellPath = /bin/sh;
			shellScript = "diff \"${PODS_PODFILE_DIR_PATH}/Podfile.lock\" \"${PODS_ROOT}/Manifest.lock\" > /dev/null\nif [ $? != 0 ] ; then\n    # print error to STDERR\n    echo \"error: The sandbox is not in sync with the Podfile.lock. Run 'pod install' or update your CocoaPods installation.\" >&2\n    exit 1\nfi\n# This output is used by Xcode 'outputs' to avoid re-running this script phase.\necho \"SUCCESS\" > \"${SCRIPT_OUTPUT_FILE_0}\"\n";
			showEnvVarsInLog = 0;
		};
		9C79F210487F896A8B881526 /* [CP] Embed Pods Frameworks */ = {
			isa = PBXShellScriptBuildPhase;
			buildActionMask = 2147483647;
			files = (
			);
			inputPaths = (
				"${SRCROOT}/Pods/Target Support Files/Pods-NumbersInTime/Pods-NumbersInTime-frameworks.sh",
				"${BUILT_PRODUCTS_DIR}/GTMSessionFetcher/GTMSessionFetcher.framework",
				"${BUILT_PRODUCTS_DIR}/GoogleToolboxForMac/GoogleToolboxForMac.framework",
				"${BUILT_PRODUCTS_DIR}/ScrollableGraphView/ScrollableGraphView.framework",
				"${BUILT_PRODUCTS_DIR}/VideoSplashKit/VideoSplashKit.framework",
				"${BUILT_PRODUCTS_DIR}/leveldb-library/leveldb.framework",
				"${BUILT_PRODUCTS_DIR}/nanopb/nanopb.framework",
			);
			name = "[CP] Embed Pods Frameworks";
			outputPaths = (
				"${TARGET_BUILD_DIR}/${FRAMEWORKS_FOLDER_PATH}/GTMSessionFetcher.framework",
				"${TARGET_BUILD_DIR}/${FRAMEWORKS_FOLDER_PATH}/GoogleToolboxForMac.framework",
				"${TARGET_BUILD_DIR}/${FRAMEWORKS_FOLDER_PATH}/ScrollableGraphView.framework",
				"${TARGET_BUILD_DIR}/${FRAMEWORKS_FOLDER_PATH}/VideoSplashKit.framework",
				"${TARGET_BUILD_DIR}/${FRAMEWORKS_FOLDER_PATH}/leveldb.framework",
				"${TARGET_BUILD_DIR}/${FRAMEWORKS_FOLDER_PATH}/nanopb.framework",
			);
			runOnlyForDeploymentPostprocessing = 0;
			shellPath = /bin/sh;
			shellScript = "\"${SRCROOT}/Pods/Target Support Files/Pods-NumbersInTime/Pods-NumbersInTime-frameworks.sh\"\n";
			showEnvVarsInLog = 0;
		};
		A5C1FF24829B7A840B3E9E32 /* [CP] Copy Pods Resources */ = {
			isa = PBXShellScriptBuildPhase;
			buildActionMask = 2147483647;
			files = (
			);
			inputPaths = (
			);
			name = "[CP] Copy Pods Resources";
			outputPaths = (
			);
			runOnlyForDeploymentPostprocessing = 0;
			shellPath = /bin/sh;
			shellScript = "\"${SRCROOT}/Pods/Target Support Files/Pods-NumbersInTime/Pods-NumbersInTime-resources.sh\"\n";
			showEnvVarsInLog = 0;
		};
/* End PBXShellScriptBuildPhase section */

/* Begin PBXSourcesBuildPhase section */
		3A690C841DE75043005D9A64 /* Sources */ = {
			isa = PBXSourcesBuildPhase;
			buildActionMask = 2147483647;
			files = (
				3A690CA41DE75604005D9A64 /* Number.swift in Sources */,
				4E0180201E1D8F2D00BA8301 /* DivisionAction.swift in Sources */,
				3A602BEA1EA522D100B44FF6 /* StartController.swift in Sources */,
				3AD488761DE8CCDF009CF85D /* SceneObject.swift in Sources */,
				4EDCE7C01EBFB83D003CC8E4 /* UserResultCell.swift in Sources */,
				4E0180171E1D8CED00BA8301 /* GameAction.swift in Sources */,
				4EBC4CFD1E3D236C000842EA /* Result.swift in Sources */,
				4EDCE7BB1EBF9122003CC8E4 /* HeaderCell.swift in Sources */,
				3AD488741DE8C9E0009CF85D /* TargetNumber.swift in Sources */,
				4EF4F3CB1E61F3A700FC9921 /* ScoreController.swift in Sources */,
				3A690C921DE75044005D9A64 /* GameScene.swift in Sources */,
				4E01801E1E1D8EF800BA8301 /* MultiAction.swift in Sources */,
				4EBC4CFF1E3D24E6000842EA /* Operation.swift in Sources */,
				4E0180221E1D94B600BA8301 /* Game.swift in Sources */,
				4E2032CA1FC4BB59004BB117 /* IntroVideoController.swift in Sources */,
				4E0180191E1D8DDA00BA8301 /* PlusAction.swift in Sources */,
				4E8024CA1E6362020056CC24 /* LoginController.swift in Sources */,
				4EC2E4BC1FE5A021008CB44C /* ResultController+handler.swift in Sources */,
				4E1F4B571F6ED60E005FCAC9 /* ResultController.swift in Sources */,
				4EF086381E5B57E400E92BB0 /* ResultScene.swift in Sources */,
				3A690C941DE75044005D9A64 /* GameController.swift in Sources */,
				4E5567381FDDB02E00B84188 /* UIColor+colorFromHex.swift in Sources */,
				4E01801B1E1D8E0400BA8301 /* MinusAction.swift in Sources */,
				3A690C8C1DE75044005D9A64 /* AppDelegate.swift in Sources */,
				4E33C34B1E4E3FF6007665BA /* Reach.swift in Sources */,
				4EEED7261EB7A1F6008C0206 /* SignInController.swift in Sources */,
			);
			runOnlyForDeploymentPostprocessing = 0;
		};
/* End PBXSourcesBuildPhase section */

/* Begin PBXVariantGroup section */
		3A690C951DE75044005D9A64 /* Main.storyboard */ = {
			isa = PBXVariantGroup;
			children = (
				3A690C961DE75044005D9A64 /* Base */,
			);
			name = Main.storyboard;
			sourceTree = "<group>";
		};
		3A690C9A1DE75044005D9A64 /* LaunchScreen.storyboard */ = {
			isa = PBXVariantGroup;
			children = (
				3A690C9B1DE75044005D9A64 /* Base */,
			);
			name = LaunchScreen.storyboard;
			sourceTree = "<group>";
		};
/* End PBXVariantGroup section */

/* Begin XCBuildConfiguration section */
		3A690C9E1DE75044005D9A64 /* Debug */ = {
			isa = XCBuildConfiguration;
			buildSettings = {
				ALWAYS_SEARCH_USER_PATHS = NO;
				CLANG_ANALYZER_NONNULL = YES;
				CLANG_CXX_LANGUAGE_STANDARD = "gnu++0x";
				CLANG_CXX_LIBRARY = "libc++";
				CLANG_ENABLE_MODULES = YES;
				CLANG_ENABLE_OBJC_ARC = YES;
				CLANG_WARN_BLOCK_CAPTURE_AUTORELEASING = YES;
				CLANG_WARN_BOOL_CONVERSION = YES;
				CLANG_WARN_COMMA = YES;
				CLANG_WARN_CONSTANT_CONVERSION = YES;
				CLANG_WARN_DIRECT_OBJC_ISA_USAGE = YES_ERROR;
				CLANG_WARN_DOCUMENTATION_COMMENTS = YES;
				CLANG_WARN_EMPTY_BODY = YES;
				CLANG_WARN_ENUM_CONVERSION = YES;
				CLANG_WARN_INFINITE_RECURSION = YES;
				CLANG_WARN_INT_CONVERSION = YES;
				CLANG_WARN_NON_LITERAL_NULL_CONVERSION = YES;
				CLANG_WARN_OBJC_LITERAL_CONVERSION = YES;
				CLANG_WARN_OBJC_ROOT_CLASS = YES_ERROR;
				CLANG_WARN_RANGE_LOOP_ANALYSIS = YES;
				CLANG_WARN_STRICT_PROTOTYPES = YES;
				CLANG_WARN_SUSPICIOUS_MOVE = YES;
				CLANG_WARN_SUSPICIOUS_MOVES = YES;
				CLANG_WARN_UNREACHABLE_CODE = YES;
				CLANG_WARN__DUPLICATE_METHOD_MATCH = YES;
				CODE_SIGN_IDENTITY = "iPhone Developer";
				"CODE_SIGN_IDENTITY[sdk=iphoneos*]" = "iPhone Developer";
				COPY_PHASE_STRIP = NO;
				DEBUG_INFORMATION_FORMAT = dwarf;
				ENABLE_STRICT_OBJC_MSGSEND = YES;
				ENABLE_TESTABILITY = YES;
				GCC_C_LANGUAGE_STANDARD = gnu99;
				GCC_DYNAMIC_NO_PIC = NO;
				GCC_NO_COMMON_BLOCKS = YES;
				GCC_OPTIMIZATION_LEVEL = 0;
				GCC_PREPROCESSOR_DEFINITIONS = (
					"DEBUG=1",
					"$(inherited)",
				);
				GCC_WARN_64_TO_32_BIT_CONVERSION = YES;
				GCC_WARN_ABOUT_RETURN_TYPE = YES_ERROR;
				GCC_WARN_UNDECLARED_SELECTOR = YES;
				GCC_WARN_UNINITIALIZED_AUTOS = YES_AGGRESSIVE;
				GCC_WARN_UNUSED_FUNCTION = YES;
				GCC_WARN_UNUSED_VARIABLE = YES;
				IPHONEOS_DEPLOYMENT_TARGET = 10.1;
				MTL_ENABLE_DEBUG_INFO = YES;
				ONLY_ACTIVE_ARCH = YES;
				SDKROOT = iphoneos;
				SWIFT_ACTIVE_COMPILATION_CONDITIONS = DEBUG;
				SWIFT_OPTIMIZATION_LEVEL = "-Onone";
			};
			name = Debug;
		};
		3A690C9F1DE75044005D9A64 /* Release */ = {
			isa = XCBuildConfiguration;
			buildSettings = {
				ALWAYS_SEARCH_USER_PATHS = NO;
				CLANG_ANALYZER_NONNULL = YES;
				CLANG_CXX_LANGUAGE_STANDARD = "gnu++0x";
				CLANG_CXX_LIBRARY = "libc++";
				CLANG_ENABLE_MODULES = YES;
				CLANG_ENABLE_OBJC_ARC = YES;
				CLANG_WARN_BLOCK_CAPTURE_AUTORELEASING = YES;
				CLANG_WARN_BOOL_CONVERSION = YES;
				CLANG_WARN_COMMA = YES;
				CLANG_WARN_CONSTANT_CONVERSION = YES;
				CLANG_WARN_DIRECT_OBJC_ISA_USAGE = YES_ERROR;
				CLANG_WARN_DOCUMENTATION_COMMENTS = YES;
				CLANG_WARN_EMPTY_BODY = YES;
				CLANG_WARN_ENUM_CONVERSION = YES;
				CLANG_WARN_INFINITE_RECURSION = YES;
				CLANG_WARN_INT_CONVERSION = YES;
				CLANG_WARN_NON_LITERAL_NULL_CONVERSION = YES;
				CLANG_WARN_OBJC_LITERAL_CONVERSION = YES;
				CLANG_WARN_OBJC_ROOT_CLASS = YES_ERROR;
				CLANG_WARN_RANGE_LOOP_ANALYSIS = YES;
				CLANG_WARN_STRICT_PROTOTYPES = YES;
				CLANG_WARN_SUSPICIOUS_MOVE = YES;
				CLANG_WARN_SUSPICIOUS_MOVES = YES;
				CLANG_WARN_UNREACHABLE_CODE = YES;
				CLANG_WARN__DUPLICATE_METHOD_MATCH = YES;
				CODE_SIGN_IDENTITY = "iPhone Developer";
				"CODE_SIGN_IDENTITY[sdk=iphoneos*]" = "iPhone Developer";
				COPY_PHASE_STRIP = NO;
				DEBUG_INFORMATION_FORMAT = "dwarf-with-dsym";
				ENABLE_NS_ASSERTIONS = NO;
				ENABLE_STRICT_OBJC_MSGSEND = YES;
				GCC_C_LANGUAGE_STANDARD = gnu99;
				GCC_NO_COMMON_BLOCKS = YES;
				GCC_WARN_64_TO_32_BIT_CONVERSION = YES;
				GCC_WARN_ABOUT_RETURN_TYPE = YES_ERROR;
				GCC_WARN_UNDECLARED_SELECTOR = YES;
				GCC_WARN_UNINITIALIZED_AUTOS = YES_AGGRESSIVE;
				GCC_WARN_UNUSED_FUNCTION = YES;
				GCC_WARN_UNUSED_VARIABLE = YES;
				IPHONEOS_DEPLOYMENT_TARGET = 10.1;
				MTL_ENABLE_DEBUG_INFO = NO;
				SDKROOT = iphoneos;
				SWIFT_OPTIMIZATION_LEVEL = "-Owholemodule";
				VALIDATE_PRODUCT = YES;
			};
			name = Release;
		};
		3A690CA11DE75044005D9A64 /* Debug */ = {
			isa = XCBuildConfiguration;
			baseConfigurationReference = DC6A8FB13C33A42606947CEB /* Pods-NumbersInTime.debug.xcconfig */;
			buildSettings = {
				ASSETCATALOG_COMPILER_APPICON_NAME = AppIcon;
				ASSETCATALOG_COMPILER_LAUNCHIMAGE_NAME = LaunchImage;
				DEVELOPMENT_TEAM = 9JARSYXCR4;
				INFOPLIST_FILE = NumbersInTime/Info.plist;
				IPHONEOS_DEPLOYMENT_TARGET = 10.1;
				LD_RUNPATH_SEARCH_PATHS = "$(inherited) @executable_path/Frameworks";
				PRODUCT_BUNDLE_IDENTIFIER = com.salvamac.NumbersInTime;
				PRODUCT_NAME = "$(TARGET_NAME)";
				SWIFT_SWIFT3_OBJC_INFERENCE = On;
				SWIFT_VERSION = 4.0;
				TARGETED_DEVICE_FAMILY = "1,2";
			};
			name = Debug;
		};
		3A690CA21DE75044005D9A64 /* Release */ = {
			isa = XCBuildConfiguration;
			baseConfigurationReference = 0634827D12968F0255409928 /* Pods-NumbersInTime.release.xcconfig */;
			buildSettings = {
				ASSETCATALOG_COMPILER_APPICON_NAME = AppIcon;
				ASSETCATALOG_COMPILER_LAUNCHIMAGE_NAME = LaunchImage;
				DEVELOPMENT_TEAM = 9JARSYXCR4;
				INFOPLIST_FILE = NumbersInTime/Info.plist;
				IPHONEOS_DEPLOYMENT_TARGET = 10.1;
				LD_RUNPATH_SEARCH_PATHS = "$(inherited) @executable_path/Frameworks";
				PRODUCT_BUNDLE_IDENTIFIER = com.salvamac.NumbersInTime;
				PRODUCT_NAME = "$(TARGET_NAME)";
				SWIFT_SWIFT3_OBJC_INFERENCE = On;
				SWIFT_VERSION = 4.0;
				TARGETED_DEVICE_FAMILY = "1,2";
			};
			name = Release;
		};
/* End XCBuildConfiguration section */

/* Begin XCConfigurationList section */
		3A690C831DE75043005D9A64 /* Build configuration list for PBXProject "NumbersInTime" */ = {
			isa = XCConfigurationList;
			buildConfigurations = (
				3A690C9E1DE75044005D9A64 /* Debug */,
				3A690C9F1DE75044005D9A64 /* Release */,
			);
			defaultConfigurationIsVisible = 0;
			defaultConfigurationName = Release;
		};
		3A690CA01DE75044005D9A64 /* Build configuration list for PBXNativeTarget "NumbersInTime" */ = {
			isa = XCConfigurationList;
			buildConfigurations = (
				3A690CA11DE75044005D9A64 /* Debug */,
				3A690CA21DE75044005D9A64 /* Release */,
			);
			defaultConfigurationIsVisible = 0;
			defaultConfigurationName = Release;
		};
/* End XCConfigurationList section */
	};
	rootObject = 3A690C801DE75043005D9A64 /* Project object */;
}
